{
  "dependencies": {
    "windmill-client": "latest",
    "openapi-fetch": "latest"
  }
}
//bun.lock
{
  "lockfileVersion": 1,
  "configVersion": 1,
  "workspaces": {
    "": {
      "dependencies": {
        "openapi-fetch": "latest",
        "windmill-client": "latest",
      },
    },
  },
  "packages": {
    "openapi-fetch": ["openapi-fetch@0.17.0", "", { "dependencies": { "openapi-typescript-helpers": "^0.1.0" } }, "sha512-PsbZR1wAPcG91eEthKhN+Zn92FMHxv+/faECIwjXdxfTODGSGegYv0sc1Olz+HYPvKOuoXfp+0pA2XVt2cI0Ig=="],

    "openapi-typescript-helpers": ["openapi-typescript-helpers@0.1.0", "", {}, "sha512-OKTGPthhivLw/fHz6c3OPtg72vi86qaMlqbJuVJ23qOvQ+53uw1n7HdmkJFibloF7QEjDrDkzJiOJuockM/ljw=="],

    "windmill-client": ["windmill-client@1.638.3", "", {}, "sha512-wNue0ItRxTObvk6vx6hBtmcvuCpVf6X+L548LEbTxEmHe6iJoPzqANlElZWr9JBQJTvOdfM5rS1avm1Ge4/VTA=="],
  }
}
