{
  "dependencies": {
    "windmill-client": "latest",
    "openapi-fetch": "latest"
  }
}
//bun.lockb
IyEvdXNyL2Jpbi9lbnYgYnVuCmJ1bi1sb2NrZmlsZS1mb3JtYXQtdjAKAgAAAKEhGJ+kqeVNDbF2jfPo6BPx59RxLQRnIDSJluzGG0MiXgcAAAAAAAAEAAAAAAAAAAgAAAAAAAAACAAAAAAAAACAAAAAAAAAAHQEAAAAAAAAAAAAAAAAAAAAAA0AAAAPAACAAAAAAA0AAICnAAAAGgAAgAAAAAAAAAAAmQ1nY/ePqP9BaGwNzyPQ5N+MyFfA/rqnAQAAAAAAAAAAAAAAAAAAAAAAAAAAAAAAAAAAAAAAAAAAAAAAAAAAAAAAAAAAAAAAAAAAAAAAAAAAAAAAAAAAAAIAAAAAAAAAHAAAAEgAAIABAAAAvQEAAAEAAAAAAAAAAAAAAAAAAAAAAAAAAAAAAAAAAAAAAAAAAAAAAAAAAAACAAAAAAAAAGQAAABDAACAAAAAAA0AAAAEAAAAAAAAAAAAAAAAAAAAAAAAAAAAAAAAAAAAAAAAAAAAAAAAAAAAAgAAAAAAAADBAAAAXQAAgAAAAAAAAAAADwAAAAAAAAAAAAAAAAAAAAAAAAAAAAAAAAAAAAAAAAAAAAAAAAAAAAAAAAACAAAAAgAAAAAAAAACAAAAAQAAAAMAAAAAAAAAAAAAAAIAAAACAAAAAAAAAAIAAAABAAAAAwAAAAAAAAAAAP4P/gEAAAAAAAAAAAAAAAAAAAAAAAAAAAAAAAAAAAAAAAAAAAAAAAAAAAAAAAAAAAAAAAAAAAAAAAAAAAAAAAAAAAAAAAAAAAAAAAAAAAAAAAAAAQAAAQD+D/4BAAABAAAAAAAAAAAAAAAEuY4Xj8CwRiDEdA6t+R/EQDw0TeI18K/04QtpaO0RHmIz4ft++muUtotCJFvrEnS12KpEe92USOWkSGp95ukYXQEAAAEA/g/+AQAAAgAAAAAAAAAAAAAABCR1+1GIyxIh7kBgj8WtwggiKnv53OG0yBfXOFGFQvAXoAG1qEt4OICcSl+V3Bu1LWELNtOtJGOgx+uCpLzWWoYBAAABAP4P/gEAAAMAAAAAAAAAAAAAAASinJM9q6eySUIGlMrwkZ5/qZ8+EtKfLLlrQg328q3Hf7hoTF/4rESpjAjLeGqR51cgH3u7fnu4swmw6ebcZWOzAQAAAAAAAAAAAAAAAAAAAAAAAAAAAAAAAAAAAAAAAAAAAAAAAAAAAAAAAAAAAAAAAAAAAAAAAAAAAAAAAAAAAAAAAAAAAAAAAAAAAAAAAAAAAAAAAAAAAAAAAAAAAAAAAAAAAAAAAAAAAAAAAAAAAAAAAAAAAAAAAAAAAAAAAAAAAAABAAAAAAAAAAAAAAAAAAAAAAAAAAAAAAAAAAAAAAAAAAAAAAAAAAAAAAAAAAAAAAAAAAAAAAAAAAAAAAAAAAAAAAAAAAAAAAAAAAAAAAAAAAAAAAAAAAAAAAAAAAAAAAAAAAAAAAAAAAAAAAAAAAAAAAAAAAAAAAAAAAAAAAAAAAAAAAAAAAAAAAAAAAAAAAAAAAAAuAQAAAAAAADMBAAAAAAAAAo8c3JjLmluc3RhbGwubG9ja2ZpbGUuVHJlZT4gMjAgc2l6ZW9mLCA0IGFsaWdub2YKAAAAAAAA/v////////8AAAAAAwAAAPgEAAAAAAAABAUAAAAAAAAKPHUzMj4gNCBzaXplb2YsIDQgYWxpZ25vZgoAAAAAAAEAAAACAAAAMAUAAAAAAAA8BQAAAAAAAAo8dTMyPiA0IHNpemVvZiwgNCBhbGlnbm9mCgACAAAAAQAAAAMAAABwBQAAAAAAAL4FAAAAAAAACjxbMjZddTg+IDI2IHNpemVvZiwgMSBhbGlnbm9mCgAAAAAAAAAAAA0AAIBBaGwNzyPQ5AICbGF0ZXN0AAANAAAADwAAgJkNZ2P3j6j/AgJsYXRlc3QAAKcAAAAaAACA34zIV8D+uqcCAV4wLjAuMTUACAYAAAAAAAAIBgAAAAAAAAo8c3JjLmluc3RhbGwuc2VtdmVyLkV4dGVybmFsU3RyaW5nPiAxNiBzaXplb2YsIDggYWxpZ25vZgo4BgAAAAAAAFYHAAAAAAAACjx1OD4gMSBzaXplb2YsIDEgYWxpZ25vZgoAAAAAAABvcGVuYXBpLWZldGNod2luZG1pbGwtY2xpZW50aHR0cHM6Ly9yZWdpc3RyeS5ucG1qcy5vcmcvd2luZG1pbGwtY2xpZW50Ly0vd2luZG1pbGwtY2xpZW50LTEuNDQ1LjEudGd6aHR0cHM6Ly9yZWdpc3RyeS5ucG1qcy5vcmcvb3BlbmFwaS1mZXRjaC8tL29wZW5hcGktZmV0Y2gtMC4xMy40LnRnem9wZW5hcGktdHlwZXNjcmlwdC1oZWxwZXJzaHR0cHM6Ly9yZWdpc3RyeS5ucG1qcy5vcmcvb3BlbmFwaS10eXBlc2NyaXB0LWhlbHBlcnMvLS9vcGVuYXBpLXR5cGVzY3JpcHQtaGVscGVycy0wLjAuMTUudGd6AAAAAAAAAAAAAAAAAAAAAAAAAAAAAAAAAAAAAAAAAAAAAAAAAAAAAAAAAAAAAAAAAAAAAAAAAAAAAAAAAAAAAAAAAAAAAAAAAAAAAAAAAAAAAAAAAAAAAAAAAAAAAAAAAAAAAAAAAAAAAAAAAAAAAAAAAAAAAAAAAAAAAAAAAAAAAAAAAAAAAAAAAAAAAAAAAAAAAAAAAAA=