

{
  "dependencies": {
    "axios": "latest"
  }
}
//bun.lockb
IyEvdXNyL2Jpbi9lbnYgYnVuCmJ1bi1sb2NrZmlsZS1mb3JtYXQtdjAKAgAAAPTWyUxy7zurAAOdcRjWgvXRMRbkvv1OZw0RrjLjSMT7siQAAAAAAAAYAAAAAAAAAAgAAAAAAAAACAAAAAAAAACAAAAAAAAAADgYAAAAAAAAAAAAAAAAAAAAAGF4aW9zAAAASQAAABAAAIA7AAAADgAAgDIAAAAJAACAQQEAAAoAAIBtaW1lLWRiAC8BAAASAACAaGFzb3duAABkAgAADQAAgCECAAAPAACA+QIAAAsAAIAUAgAADQAAgMUDAAAPAACAZ29wZAAAAAC8AwAACQAAgK0DAAAPAACACwIAAAkAAICEBAAADAAAgIQDAAAXAACAmwMAABIAAIAgAQAADwAAgDgGAAAOAACAYXN5bmNraXQAAAAAAAAAADiw/ZDHyZn3GyIDn1GgNOWOug3nmqOgEY+ZR2jyG6ovLwGTl17LYfTDxaTx/calbg5Aluobe1NYSD+LCYlK4NCbmcoacW24C1NjDtYrnF63B5yRzCOD5qLsrz2hFLVVKJYlyGV1ElPD/T9Rybhol5lwcA4W3jwz/i48w2XoilNWJU0hoMQ/3BOyrwaT1DFGiyEN8aL5Bh2YGJ97mY2oVDJPdyqfNdGv/hR4fhskoOCczq1lMqMtvooBAAAAAAAAAAAAAAAAAAAAAAAAAAAAAAAAAAAAAAAAAAAAAAAAAAAAAAAAAAAAAAAAAAAAAAAAAAAAAAAAAAAAAgAAAAAAAAAAAAAAMgAAgAEAAAAHAAAACQAAAAAAAAAAAAAAAAAAAAAAAAAAAAAAAAAAAAAAAAAAAAAAAAAAAAIAAAAAAAAAWQAAAEkAAIABAAAADwAAAAkAAAAAAAAAAAAAAAAAAAAAAAAAAAAAAAAAAAAAAAAAAAAAAAAAAAACAAAAAAAAAKIAAABEAACAAQAAAAEAAAAAAAAAAAAAAAAAAAAAAAAAAAAAAAAAAAAAAAAAAAAAAAAAAAAAAAAAAgAAAAAAAADmAAAAOgAAgAQAAAAAAAAAAgAAAAAAAAAAAAAAAAAAAAAAAAAAAAAAAAAAAAAAAAAAAAAAAAAAAAIAAAAAAAAASwEAAD0AAIACAAAAAQAAACMAAAAAAAAAAAAAAAAAAAAAAAAAAAAAAAAAAAAAAAAAAAAAAAAAAAACAAAAAAAAAIgBAAA3AACAAQAAADQAAAAAAAAAAAAAAAAAAAAAAAAAAAAAAAAAAAAAAAAAAAAAAAAAAAAAAAAAAgAAAAAAAAC/AQAATAAAgAIAAAABAAAAAAAAAAAAAAAAAAAAAAAAAAAAAAAAAAAAAAAAAAAAAAAAAAAAAAAAAAIAAAAAAAAAMAIAADQAAIACAAAAAAAAAAIAAAAAAAAAAAAAAAAAAAAAAAAAAAAAAAAAAAAAAAAAAAAAAAAAAAACAAAAAAAAAHECAABCAACAAQAAAAEAAAACAAAAAAAAAAAAAAAAAAAAAAAAAAAAAAAAAAAAAAAAAAAAAAAAAAAAAgAAAAAAAACzAgAARgAAgAEAAAAAAAAAAgAAAAAAAAAAAAAAAAAAAAAAAAAAAAAAAAAAAAAAAAAAAAAAAAAAAAIAAAAAAAAABAMAAD4AAIABAAAAAQAAAAAAAAAAAAAAAAAAAAAAAAAAAAAAAAAAAAAAAAAAAAAAAAAAAAAAAAACAAAAAAAAAEIDAABCAACAAQAAAAIAAAAHAAAAAAAAAAAAAAAAAAAAAAAAAAAAAAAAAAAAAAAAAAAAAAAAAAAAAgAAAAAAAADUAwAARgAAgAEAAAABAAAAAAAAAAAAAAAAAAAAAAAAAAAAAAAAAAAAAAAAAAAAAAAAAAAAAAAAAAIAAAAAAAAAGgQAADAAAIABAAAAAgAAAAAAAAAAAAAAAAAAAAAAAAAAAAAAAAAAAAAAAAAAAAAAAAAAAAAAAAACAAAAAAAAAEoEAAA6AACAAQAAAAAAAAABAAAAAAAAAAAAAAAAAAAAAAAAAAAAAAAAAAAAAAAAAAAAAAAAAAAAAgAAAAAAAACQBAAARgAAgAEAAAABAAAAAQAAAAAAAAAAAAAAAAAAAAAAAAAAAAAAAAAAAAAAAAAAAAAAAAAAAAIAAAAAAAAA1gQAADoAAIABAAAAAwAAAAAAAAAAAAAAAAAAAAAAAAAAAAAAAAAAAAAAAAAAAAAAAAAAAAAAAAACAAAAAAAAABAFAABAAACAAQAAAAAAAAABAAAAAAAAAAAAAAAAAAAAAAAAAAAAAAAAAAAAAAAAAAAAAAAAAAAAAgAAAAAAAABQBQAAVgAAgAEAAAAAAAAAAgAAAAAAAAAAAAAAAAAAAAAAAAAAAAAAAAAAAAAAAAAAAAAAAAAAAAIAAAAAAAAApgUAAEwAAIABAAAAAAAAAAEAAAAAAAAAAAAAAAAAAAAAAAAAAAAAAAAAAAAAAAAAAAAAAAAAAAACAAAAAAAAAPIFAABGAACAAQAAAAAAAAAIAAAAAAAAAAAAAAAAAAAAAAAAAAAAAAAAAAAAAAAAAAAAAAAAAAAAAgAAAAAAAABGBgAARAAAgAEAAAAAAAAAAAAAAAAAAAAAAAAAAAAAAAAAAAAAAAAAAAAAAAAAAAAAAAAAAAAAAAIAAAAAAAAAigYAADgAAIAAAAAABAAAAAAAAAAAAAAAAAAAAAAAAAAAAAAAAAAAAAAAAAAAAAAAAAAAAAAAAAAAAAAAAQAAAAEAAAADAAAABAAAAAAAAAAEAAAAAAAAAAQAAAAEAAAACAAAAAEAAAAJAAAAAAAAAAkAAAAEAAAADQAAAAEAAAAOAAAAAAAAAA4AAAABAAAADwAAAAAAAAAPAAAACgAAABkAAAAAAAAAGQAAAAAAAAAZAAAAAgAAABsAAAABAAAAHAAAAAAAAAAcAAAAAwAAAB8AAAACAAAAIQAAAAAAAAAhAAAAAQAAACIAAAAAAAAAIgAAAAAAAAAAAAAAAQAAAAEAAAADAAAABAAAAAAAAAAEAAAAAAAAAAQAAAAEAAAACAAAAAEAAAAJAAAAAAAAAAkAAAAEAAAADQAAAAEAAAAOAAAAAAAAAA4AAAABAAAADwAAAAAAAAAPAAAACgAAABkAAAAAAAAAGQAAAAAAAAAZAAAAAgAAABsAAAABAAAAHAAAAAAAAAAcAAAAAwAAAB8AAAACAAAAIQAAAAAAAAAhAAAAAQAAACIAAAAAAAAAIgAAAAAAAAAAAP4P/gEAAAAAAAAAAAAAAAAAAAAAAAAAAAAAAAAAAAAAAAAAAAAAAAAAAAAAAAAAAAAAAAAAAAAAAAAAAAAAAAAAAAAAAAAAAAAAAAAAAAAAAAAAAQAAAQD+D/4BAAABAAAAAAAAAAAAAAAELhLcE7Hbiryz8oMDdDptSrWowmB4Bl6RCt6sIJKpRB4XtVf0iEgewX3au/pJqm+Py1kCASkb/FFKjxQaLtxJvwEAAAEA/g/+AQAAAgAAAAAAAAAAAAAABIHsOBrF4szYHaEcqpsnzB8gJl7GQ5Oph5EsWRQs1vYMJW7TluOAg7WGrzPsvu9qg/1atpeedJDBedg0/HziyakBAAABAP4P/gEAAAMAAAAAAAAAAAAAAAQP7OQ5EJsD1/W11ZErRFoJHcY+/nRwzFyvPhfyTktNJQPUOTDjuYokRlA26ci1FORbCC1pRKjVFUVEgb1leIViAQAAAQD+D/4BAAAEAAAAAAAAAAAAAAAEhGfm/slu0ZabnNt4oaRZ6uREyfCj6P4fT/n6A1rGV+Z0VdGXjfOhVUpkn6qVQONHGIFwmveGXyDs75+nr6FM8wEAAAEA/g/+AQAABQAAAAAAAAAAAAAABGQ2Pmz5uc00xfmKQqwFPZytFICAmD09ELU9TWVhb+LPvkzZHIFWk9IOvuEdriODI0I88rBwdc8bli+dIc2nl4sBAAABAP4P/gEAAAYAAAAAAAAAAAAAAASw9Ti5Xt1iW+1YnHDDEcPQ+6KFU2ITtPIBtDlJbEMIH2ZRi86CuhA7BhBA4o8nwIhsT7URNWU6grVQLadTeBi+AQAAAQD+D/4BAAAHAAAAAAAAAAAAAAAEj6vWzfrGVfyXxge+O0x5sh6cvxAog0a/4Rdd2K36zCMV5eJ+/+tOAngRO8cODMNWbVRdVlmGZQL2YS3yR8bIUAEAAAEA/g/+AQAACAAAAAAAAAAAAAAABNISVPUgj75jMyAXWRajT11munaoe1nR9HCCPcvgskvKxt5y+PAXJa2vR5ioVVVB8j1jR+WO8Q8AAe234Eo5FDEBAAABAP4P/gEAAAkAAAAAAAAAAAAAAATtcc3Efupf3EbmYjDGSG6ZOjH8whE1w6AOvFawy3akCvbdYenoytGU3sUFIWkKmv6hU7QXvjiJSBHzackx8bZIAQAAAQD+D/4BAAAKAAAAAAAAAAAAAAAENqADB8VjPFLM2V0VvHUewwwsw0ZWBaIdgo+ieHtK3hasLz4qeCRjYcqfB6AQrBggRKppKF8L52/VqdVsO47DlwEAAAEA/g/+AQAACwAAAAAAAAAAAAAABNXAzXcCdiWqIZm97IODpimjAcLguPLGJ4uR1MNg77AvC4xkyyvYfnm9V+kcrjh3uIU9FCwluvIqJoY1KClKpT0BAAABAP4P/gEAAAwAAAAAAAAAAAAAAARVbo/GGyuTQoA6qzdYR3SSUOIX/5XuBA6kC9jWNVT8seZoP+RA7jnbdqIm6KRf9AApiJbrHwmH5El6PVqWZ20IAQAAAQD+D/4BAAANAAAAAAAAAAAAAAAE/IXtbwEk5HTPyEwyKX6hGkYXxM9nbj64B+ilVJnC/R6B0pH5G4V3b0pVbL7DBj4tkhBAppbQUlf6F6Xl9LHu1gEAAAEA/g/+AQAADgAAAAAAAAAAAAAABGVCkYev5FBaAIkwLU2D2Sd4cPcDccfgSAToo55RvT56ybAnEo7NcMsg+ryaWmLYJ8w6ymEUqn9zjukX2vd8bEYBAAABAP4P/gEAAA8AAAAAAAAAAAAAAASxNJ8GOhcGnz0m8goh5+rDtTYIJ5uxzviSJjprCIaiAq2hIZuCNgT8b/6X2wXcxYU81z0hyg4Lg4N8od/EWanSAQAAAQD+D/4BAAAQAAAAAAAAAAAAAAAEFGgH2h8zKNim9ljj7dankFPcICIK9Cp5bm+c2gQSYePhpaG5+esrLODihIorn+Pe6FGJzWhXQotPv73jTaldXAEAAAEA/g/+AQAAEQAAAAAAAAAAAAAABGX+R9isbdsY072ybz9mVixCAsQOo/oQJjMyJcqcuMXAYNbylZ8fPVstBm0vpH+XMAlRRc3QhYdl0ghTVC0unLMBAAABAP4P/gEAABIAAAAAAAAAAAAAAAQog3+cMkFBFxfDQwtWFkT2JAeYbryoBUgGD0KqZRiOZAiGCKP1TkwW+uqRQvkVu3LLNm45463TN15F7hRjty34AQAAAQD+D/4BAAATAAAAAAAAAAAAAAAESp1ablJ0ivDkSzjcaJdxEunN5/XvksFJ2sMBFfq6x0ryhQV/2b/KwFe21cMpmHtPOSij8K99/wSfoEuTObmuMQEAAAEA/g/+AQAAFAAAAAAAAAAAAAAABHt50X4H1GeKzRi9t9oFIF9OkDcsns9OCnYxaxfi00aDl5qzoBSg4OAQnbI1vBJ0+vXqnWBpkaScIj1WDawmlt4BAAABAP4P/gEAABUAAAAAAAAAAAAAAAQVA3gxF+4l4d/twFsEwkVeEpIOr7aQACsGWZEG9y8UTkEHUdkpe1IUBIOF2XP3M5jDGHyUN2e+Yw57/7lx2gR2AQAAAQD+D/4BAAAWAAAAAAAAAAAAAAAEZySD7Nf91aLB0RxL4KGrKHBXl7Eds1DAmEdcoVawXnLD7SDhpNgtuII2aAkg7a7QS41jxPSZ17p4VdGnMHk3MQEAAAEA/g/+AQAAFwAAAAAAAAAAAAAABDnovTh+LUYdGKlNxsYV+/XTP5sFYL22SWkjWkZPm7IZI9EuXHx3IGGpK3gY6x8GrVym8/iKCHWC8ayoptjI1tEBAAAAAAAAAAAAAAAAAAAAAAAAAAAAAAAAAAAAAAAAAAAAAAAAAAAAAAAAAAAAAAAAAAAAAAAAAAAAAAAAAAAAAAAAAAAAAAAAAAAAAAAAAAAAAAAAAAAAAAAAAAAAAAAAAAAAAAAAAAAAAAAAAAAAAAAAAAAAAAAAAAAAAAAAAAAAAAAAAAAAAAAAAAAAAAAAAAAAAAAAAAAAAAAAAAAAAAAAAAAAAAAAAAAAAAAAAAAAAAAAAAAAAAAAAAAAAAAAAAAAAAAAAAAAAAAAAAAAAAAAAAAAAAAAAAAAAAAAAAAAAAAAAAAAAAAAAAAAAAAAAAAAAAAAAAAAAAAAAAAAAAAAAAAAAAAAAAAAAAAAAAAAAAAAAAAAAAAAAAAAAAAAAAAAAAAAAAAAAAAAAAAAAAAAAAAAAAAAAAAAAAAAAAAAAAAAAAAAAAAAAAAAAAAAAAAAAAAAAAAAAAAAAAAAAAAAAAAAAAAAAAAAAAAAAAAAAAAAAAAAAAAAAAAAAAAAAAAAAAAAAAAAAAAAAAAAAAAAAAAAAAAAAAAAAAAAAAAAAAAAAAAAAAAAAAAAAAAAAAAAAAAAAAAAAAAAAAAAAAAAAAAAAAAAAAAAAAAAAAAAAAAAAAAAAAAAAAAAAAAAAAAAAAAAAAAAAAAAAAAAAAAAAAAAAAAAAAAAAAAAAAAAAAAAAAAAAAAAAAAAAAAAAAABAAAAAAAAAAAAAAAAAAAAAAAAAAAAAAAAAAAAAAAAAAAAAAAAAAAAAAAAAAAAAAAAAAAAAAAAAAAAAAAAAAAAAAAAAAAAAAAAAAAAAAAAAAAAAAAAAAAAAAAAAAAAAAAAAAAAAAAAAAAAAAAAAAAAAAAAAAAAAAAAAAAAAAAAAAAAAAAAAAAAAAAAAAAAAAAAAAAAAAAAAAAAAAAAAAAAAAAAAAAAAAAAAAAAAAAAAAAAAAAAAAAAAAAAAAAAAAAAAAAAAAAAAAAAAAAAAAAAAAAAAAAAAAAAAAAAAAAAAAAAAAAAAAAAAAAAAAAAAAAAAAAAAAAAAAAAAAAAAAAAAAAAAAAAAAAAAAAAAAAAAAAAAAAAAAAAAAAAAAAAAAAAAAAAAAAAAAAAAAAAAAAAAAAAAAAAAAAAAAAAAAAAAAAAAAAAAAAAAAAAAAAAAAAAAAAAAAAAAAAAAAAAAAAAAAAAAAAAAAAAAAAAAAAAAAAAAAAAAAAAAAAAAAAAAAAAAAAAAAAAAAAAAAAAAAAAAAAAAAAAAAAAAAAAAAAAAAAAAAAAAAAAAAAAAAAAAAAAAAAAAAAAAAAAAAAAAAAAAAAAAAAAAAAAAAAAAAAAAAAAAAAAAAAAAAAAAAAAAAAAAAAAAAAAAAAAAAAAAAAAAAAAAAAAAAAAAAAAAAAAAAAAAAAAAAAAAAAAAAAAAAAAAAAAAAAAAAAAAAAAAAAAAAAAAAAAAAAAAAAAAAAAAAAAAAAAAAAAAAAAAAAAAAAAAAAAAAAAAAAAAAAAAAAAAAAAAAAAAAAAAAAAAAAAAAAAAAAAAAAAAAAAAAAAAAAAAAAAAAAAAAAAAAAAAAAAAAAAAAAAAAAAAAAAAAAAAAAAAAAAAAAAAAAAAAAAAAAAAAAAAAAAAAAAAAAAAAAAAAAAAAAAAAAAAAAAAAAAAAAAAAAAAAAAAAAAAAAAAAAAAAAAAAAAAAAAAAAAAAAAAAAAAAAAAAAAAAAAAAAAAAAAAAAAAAAAAAAAAAAAAAAAAAAAAAAAAAAAAAAAAAAAAAAAAAAAAAAAAAAAAAAAAAAAAAAAAAAAAAAAAAAAAAAAAAAAAAAAAAAAAAAAAAAAAAAAAAAAAAAAAAAAAAAAAAAAAAAAAAAAAAAAAAAAAAAAAAAAAAAAAAAAAAAAAAAAAAAAAAAAAAAAAAAAAAAAAAAAAAAAAAAAAAAAAAAAAAAAAAAAAAAAAAAAAAAAAAAAAAAAAAAAAAAAAAAAAAAAAAAAAAAAAAAAAAAAAAAAAAAAAAAAAAAAAAAAAAAAAAAAAAAAAAAAAAAAAAAAAAAAAAAAAAAAAAAAAAAAAAAAAAAAAAAAAAAAAAAAAAAAAAAAAAAAAAAAAAAAAAAAAAAAAAAAAAAAAAAAAAAAAAAAAAAAAAAAAAAAAAAAAAAAAAAAAAAAAAAAAAAAAAAAAAAAAAAAAAAAAAAAAAAAAAAAAAAAAAAAAAAAAAAAAAAAAAAAAAAAAAAAAACAGAAAAAAAAJQYAAAAAAAACjxzcmMuaW5zdGFsbC5sb2NrZmlsZS5UcmVlPiAyMCBzaXplb2YsIDQgYWxpZ25vZgoAAAAAAAAAAAAA/v////////8AAAAAFwAAAMAYAAAAAAAAHBkAAAAAAAAKPHUzMj4gNCBzaXplb2YsIDQgYWxpZ25vZgoAAAAAAAEAAAACAAAAAwAAAAQAAAAFAAAABgAAAAcAAAAhAAAACQAAAAoAAAALAAAADAAAAAgAAAAPAAAAEAAAABIAAAATAAAAFAAAABUAAAAWAAAAGAAAABkAAABIGQAAAAAAANAZAAAAAAAACjx1MzI+IDQgc2l6ZW9mLCA0IGFsaWdub2YKAAEAAAAEAAAAAwAAAAIAAAAXAAAAFQAAAAcAAAAFAAAABgAAABEAAAAMAAAACgAAAAgAAAAJAAAACwAAABMAAAAUAAAAEQAAABAAAAAJAAAADwAAAA4AAAALAAAACAAAAA0AAAASAAAAEAAAABEAAAATAAAAEQAAAA4AAAARAAAACQAAABYAAAAAGgAAAAAAAHQdAAAAAAAACjxbMjZddTg+IDI2IHNpemVvZiwgMSBhbGlnbm9mCgBheGlvcwAAADiw/ZDHyZn3AgJsYXRlc3QAADIAAAAJAACAj5lHaPIbqi8CAV40LjAuMAAAOwAAAA4AAICOug3nmqOgEQIBXjEuMS4wAABJAAAAEAAAgBsiA59RoDTlAgFeMS4xNS42AGFzeW5ja2l0zq1lMqMtvooCAV4wLjQuMAAAIAEAAA8AAIBPdyqfNdGv/gIBXjEuMC44AAAvAQAAEgAAgA5Aluobe1NYAgFeMi4xLjAAAEEBAAAKAACALwGTl17LYfQCAV4yLjEuMTIAbWltZS1kYgDDxaTx/calbgIBMS41Mi4wAAALAgAACQAAgCVNIaDEP9wTAgFeMS4zLjAAABQCAAANAACA7K89oRS1VSgCAV4xLjIuNgAAIQIAAA8AAIBTYw7WK5xetwIBXjEuMC4yAABoYXNvd24AAEg/iwmJSuDQAgFeMi4wLjIAAGQCAAANAACAm5nKGnFtuAsCAV4xLjEuMgAA+QIAAAsAAIAHnJHMI4PmogIBXjEuMC4zAACEAwAAFwAAgCEN8aL5Bh2YAgFeMS4wLjEAAJsDAAASAACAGJ97mY2oVDICAV4xLjAuMQAACwIAAAkAAIAlTSGgxD/cEwIBXjEuMy4wAACtAwAADwAAgC48w2XoilNWAgFeMS4wLjAAAGQCAAANAACAm5nKGnFtuAsCAV4xLjEuMgAAvAMAAAkAAIBwcA4W3jwz/gIBXjEuMC4wAABnb3BkAAAAAP0/Ucm4aJeZAgFeMS4yLjAAAPkCAAALAACAB5yRzCOD5qICAV4xLjEuMAAAaGFzb3duAABIP4sJiUrg0AIBXjIuMC4yAADFAwAADwAAgJYlyGV1ElPDAgFeMS4xLjAAAIQEAAAMAACAsq8Gk9QxRosCAV4xLjAuMQAArQMAAA8AAIAuPMNl6IpTVgIBXjEuMC4wAAALAgAACQAAgCVNIaDEP9wTAgFeMS4zLjAAAIQDAAAXAACAIQ3xovkGHZgCAV4xLjAuMQAACwIAAAkAAIAlTSGgxD/cEwIBXjEuMy4wAABnb3BkAAAAAP0/Ucm4aJeZAgFeMS4yLjAAAAsCAAAJAACAJU0hoMQ/3BMCAV4xLjMuMAAAZAIAAA0AAICbmcoacW24CwIBXjEuMS4yAAA4BgAADgAAgBR4fhskoOCcAgF+MS4wLjAAAL4dAAAAAAAAvh0AAAAAAAAKPHNyYy5pbnN0YWxsLnNlbXZlci5FeHRlcm5hbFN0cmluZz4gMTYgc2l6ZW9mLCA4IGFsaWdub2YK6B0AAAAAAACqJAAAAAAAAAo8dTg+IDEgc2l6ZW9mLCAxIGFsaWdub2YKaHR0cHM6Ly9yZWdpc3RyeS5ucG1qcy5vcmcvYXhpb3MvLS9heGlvcy0xLjcuOS50Z3pmb3JtLWRhdGFwcm94eS1mcm9tLWVudmZvbGxvdy1yZWRpcmVjdHNodHRwczovL3JlZ2lzdHJ5Lm5wbWpzLm9yZy9mb2xsb3ctcmVkaXJlY3RzLy0vZm9sbG93LXJlZGlyZWN0cy0xLjE1LjkudGd6aHR0cHM6Ly9yZWdpc3RyeS5ucG1qcy5vcmcvcHJveHktZnJvbS1lbnYvLS9wcm94eS1mcm9tLWVudi0xLjEuMC50Z3podHRwczovL3JlZ2lzdHJ5Lm5wbWpzLm9yZy9mb3JtLWRhdGEvLS9mb3JtLWRhdGEtNC4wLjIudGd6Y29tYmluZWQtc3RyZWFtZXMtc2V0LXRvc3RyaW5ndGFnbWltZS10eXBlc2h0dHBzOi8vcmVnaXN0cnkubnBtanMub3JnL21pbWUtdHlwZXMvLS9taW1lLXR5cGVzLTIuMS4zNS50Z3podHRwczovL3JlZ2lzdHJ5Lm5wbWpzLm9yZy9taW1lLWRiLy0vbWltZS1kYi0xLjUyLjAudGd6aHR0cHM6Ly9yZWdpc3RyeS5ucG1qcy5vcmcvZXMtc2V0LXRvc3RyaW5ndGFnLy0vZXMtc2V0LXRvc3RyaW5ndGFnLTIuMS4wLnRnemVzLWVycm9yc2dldC1pbnRyaW5zaWNoYXMtdG9zdHJpbmd0YWdodHRwczovL3JlZ2lzdHJ5Lm5wbWpzLm9yZy9oYXNvd24vLS9oYXNvd24tMi4wLjIudGd6ZnVuY3Rpb24tYmluZGh0dHBzOi8vcmVnaXN0cnkubnBtanMub3JnL2Z1bmN0aW9uLWJpbmQvLS9mdW5jdGlvbi1iaW5kLTEuMS4yLnRnemh0dHBzOi8vcmVnaXN0cnkubnBtanMub3JnL2hhcy10b3N0cmluZ3RhZy8tL2hhcy10b3N0cmluZ3RhZy0xLjAuMi50Z3poYXMtc3ltYm9sc2h0dHBzOi8vcmVnaXN0cnkubnBtanMub3JnL2hhcy1zeW1ib2xzLy0vaGFzLXN5bWJvbHMtMS4xLjAudGd6aHR0cHM6Ly9yZWdpc3RyeS5ucG1qcy5vcmcvZ2V0LWludHJpbnNpYy8tL2dldC1pbnRyaW5zaWMtMS4yLjcudGd6Y2FsbC1iaW5kLWFwcGx5LWhlbHBlcnNlcy1kZWZpbmUtcHJvcGVydHllcy1vYmplY3QtYXRvbXNnZXQtcHJvdG9tYXRoLWludHJpbnNpY3NodHRwczovL3JlZ2lzdHJ5Lm5wbWpzLm9yZy9tYXRoLWludHJpbnNpY3MvLS9tYXRoLWludHJpbnNpY3MtMS4xLjAudGd6aHR0cHM6Ly9yZWdpc3RyeS5ucG1qcy5vcmcvZ29wZC8tL2dvcGQtMS4yLjAudGd6aHR0cHM6Ly9yZWdpc3RyeS5ucG1qcy5vcmcvZ2V0LXByb3RvLy0vZ2V0LXByb3RvLTEuMC4xLnRnemR1bmRlci1wcm90b2h0dHBzOi8vcmVnaXN0cnkubnBtanMub3JnL2VzLW9iamVjdC1hdG9tcy8tL2VzLW9iamVjdC1hdG9tcy0xLjEuMS50Z3podHRwczovL3JlZ2lzdHJ5Lm5wbWpzLm9yZy9lcy1lcnJvcnMvLS9lcy1lcnJvcnMtMS4zLjAudGd6aHR0cHM6Ly9yZWdpc3RyeS5ucG1qcy5vcmcvZHVuZGVyLXByb3RvLy0vZHVuZGVyLXByb3RvLTEuMC4xLnRnemh0dHBzOi8vcmVnaXN0cnkubnBtanMub3JnL2NhbGwtYmluZC1hcHBseS1oZWxwZXJzLy0vY2FsbC1iaW5kLWFwcGx5LWhlbHBlcnMtMS4wLjIudGd6aHR0cHM6Ly9yZWdpc3RyeS5ucG1qcy5vcmcvZXMtZGVmaW5lLXByb3BlcnR5Ly0vZXMtZGVmaW5lLXByb3BlcnR5LTEuMC4xLnRnemh0dHBzOi8vcmVnaXN0cnkubnBtanMub3JnL2NvbWJpbmVkLXN0cmVhbS8tL2NvbWJpbmVkLXN0cmVhbS0xLjAuOC50Z3pkZWxheWVkLXN0cmVhbWh0dHBzOi8vcmVnaXN0cnkubnBtanMub3JnL2RlbGF5ZWQtc3RyZWFtLy0vZGVsYXllZC1zdHJlYW0tMS4wLjAudGd6aHR0cHM6Ly9yZWdpc3RyeS5ucG1qcy5vcmcvYXN5bmNraXQvLS9hc3luY2tpdC0wLjQuMC50Z3oAAAAAAAAAAAAAAAAAAAAAAAAAAAAAAAAAAAAAAAAAAAAAAAAAAAAAAAAAAAAAAAAAAAAAAAAAAAAAAAAAAAAAAAAAAAAAAAAAAAAAAAAAAAAAAAAAAAAAAAAAAAAAAAAAAAAAAAAAAAAAAAAAAAAAAAAAAAAAAAAAAAAAAAAAAAAAAAAAAAAAAAAAAAAAAAAAAAAAAAAAAA==

