{
  "dependencies": {
    "axios": "latest"
  }
}
//bun.lockb
IyEvdXNyL2Jpbi9lbnYgYnVuCmJ1bi1sb2NrZmlsZS1mb3JtYXQtdjAKAgAAAOy6+JewrnqZT3kJOWvK2JDP6ricVwQt5nn+2ZeAizqjdQ8AAAAAAAAKAAAAAAAAAAgAAAAAAAAACAAAAAAAAACAAAAAAAAAAGIKAAAAAAAAAAAAAAAAAAAAAGF4aW9zAAAASQAAABAAAIA7AAAADgAAgDIAAAAJAACALwEAAAoAAIBtaW1lLWRiACABAAAPAACA8wEAAA4AAIBhc3luY2tpdAAAAAAAAAAAOLD9kMfJmfcbIgOfUaA05Y66Deeao6ARj5lHaPIbqi8vAZOXXsth9MPFpPH9xqVuT3cqnzXRr/4UeH4bJKDgnM6tZTKjLb6KAQAAAAAAAAAAAAAAAAAAAAAAAAAAAAAAAAAAAAAAAAAAAAAAAAAAAAAAAAAAAAAAAAAAAAAAAAAAAAAAAAAAAAIAAAAAAAAAAAAAADIAAIABAAAABwAAAAkAAAAAAAAAAAAAAAAAAAAAAAAAAAAAAAAAAAAAAAAAAAAAAAAAAAACAAAAAAAAAFkAAABJAACAAQAAAA8AAAAJAAAAAAAAAAAAAAAAAAAAAAAAAAAAAAAAAAAAAAAAAAAAAAAAAAAAAgAAAAAAAACiAAAARAAAgAEAAAABAAAAAAAAAAAAAAAAAAAAAAAAAAAAAAAAAAAAAAAAAAAAAAAAAAAAAAAAAAIAAAAAAAAA5gAAADoAAIAEAAAAAAAAAAEAAAAAAAAAAAAAAAAAAAAAAAAAAAAAAAAAAAAAAAAAAAAAAAAAAAACAAAAAAAAADkBAAA9AACAAgAAAAEAAAAjAAAAAAAAAAAAAAAAAAAAAAAAAAAAAAAAAAAAAAAAAAAAAAAAAAAAAgAAAAAAAAB2AQAANwAAgAEAAAA0AAAAAAAAAAAAAAAAAAAAAAAAAAAAAAAAAAAAAAAAAAAAAAAAAAAAAAAAAAIAAAAAAAAArQEAAEYAAIABAAAAAAAAAAgAAAAAAAAAAAAAAAAAAAAAAAAAAAAAAAAAAAAAAAAAAAAAAAAAAAACAAAAAAAAAAECAABEAACAAQAAAAAAAAAAAAAAAAAAAAAAAAAAAAAAAAAAAAAAAAAAAAAAAAAAAAAAAAAAAAAAAgAAAAAAAABFAgAAOAAAgAAAAAAEAAAAAAAAAAAAAAAAAAAAAAAAAAAAAAAAAAAAAAAAAAAAAAAAAAAAAAAAAAAAAAABAAAAAQAAAAMAAAAEAAAAAAAAAAQAAAAAAAAABAAAAAMAAAAHAAAAAQAAAAgAAAAAAAAACAAAAAEAAAAJAAAAAAAAAAkAAAAAAAAAAAAAAAEAAAABAAAAAwAAAAQAAAAAAAAABAAAAAAAAAAEAAAAAwAAAAcAAAABAAAACAAAAAAAAAAIAAAAAQAAAAkAAAAAAAAACQAAAAAAAAAAAP4P/gEAAAAAAAAAAAAAAAAAAAAAAAAAAAAAAAAAAAAAAAAAAAAAAAAAAAAAAAAAAAAAAAAAAAAAAAAAAAAAAAAAAAAAAAAAAAAAAAAAAAAAAAAAAQAAAQD+D/4BAAABAAAAAAAAAAAAAAAELhLcE7Hbiryz8oMDdDptSrWowmB4Bl6RCt6sIJKpRB4XtVf0iEgewX3au/pJqm+Py1kCASkb/FFKjxQaLtxJvwEAAAEA/g/+AQAAAgAAAAAAAAAAAAAABIHsOBrF4szYHaEcqpsnzB8gJl7GQ5Oph5EsWRQs1vYMJW7TluOAg7WGrzPsvu9qg/1atpeedJDBedg0/HziyakBAAABAP4P/gEAAAMAAAAAAAAAAAAAAAQP7OQ5EJsD1/W11ZErRFoJHcY+/nRwzFyvPhfyTktNJQPUOTDjuYokRlA26ci1FORbCC1pRKjVFUVEgb1leIViAQAAAQD+D/4BAAAEAAAAAAAAAAAAAAAEtzN8e4TX8+kkxGPK8D5u0FNmjPUjw3lwC9lSLxxoB/+GtsJG91CO8bSWy73APlgAZzZbXEYZJuxjkHH2w+EzhwEAAAEA/g/+AQAABQAAAAAAAAAAAAAABGQ2Pmz5uc00xfmKQqwFPZytFICAmD09ELU9TWVhb+LPvkzZHIFWk9IOvuEdriODI0I88rBwdc8bli+dIc2nl4sBAAABAP4P/gEAAAYAAAAAAAAAAAAAAASw9Ti5Xt1iW+1YnHDDEcPQ+6KFU2ITtPIBtDlJbEMIH2ZRi86CuhA7BhBA4o8nwIhsT7URNWU6grVQLadTeBi+AQAAAQD+D/4BAAAHAAAAAAAAAAAAAAAEFQN4MRfuJeHf7cBbBMJFXhKSDq+2kAArBlmRBvcvFE5BB1HZKXtSFASDhdlz9zOYwxh8lDdnvmMOe/+5cdoEdgEAAAEA/g/+AQAACAAAAAAAAAAAAAAABGckg+zX/dWiwdEcS+ChqyhwV5exHbNQwJhHXKFWsF5yw+0g4aTYLbiCNmgJIO2u0EuNY8T0mde6eFXRpzB5NzEBAAABAP4P/gEAAAkAAAAAAAAAAAAAAAQ56L04fi1GHRipTcbGFfv10z+bBWC9tklpI1pGT5uyGSPRLlx8dyBhqSt4GOsfBq1cpvP4igh1gvGsqKbYyNbRAQAAAAAAAAAAAAAAAAAAAAAAAAAAAAAAAAAAAAAAAAAAAAAAAAAAAAAAAAAAAAAAAAAAAAAAAAAAAAAAAAAAAAAAAAAAAAAAAAAAAAAAAAAAAAAAAAAAAAAAAAAAAAAAAAAAAAAAAAAAAAAAAAAAAAAAAAAAAAAAAAAAAAAAAAAAAAAAAAAAAAAAAAAAAAAAAAAAAAAAAAAAAAAAAAAAAAAAAAAAAAAAAAAAAAAAAAAAAAAAAAAAAAAAAAAAAAAAAAAAAAAAAAAAAAAAAAAAAAAAAAAAAAAAAAAAAAAAAAAAAAAAAAAAAAAAAAAAAAAAAAAAAAAAAAAAAAABAAAAAAAAAAAAAAAAAAAAAAAAAAAAAAAAAAAAAAAAAAAAAAAAAAAAAAAAAAAAAAAAAAAAAAAAAAAAAAAAAAAAAAAAAAAAAAAAAAAAAAAAAAAAAAAAAAAAAAAAAAAAAAAAAAAAAAAAAAAAAAAAAAAAAAAAAAAAAAAAAAAAAAAAAAAAAAAAAAAAAAAAAAAAAAAAAAAAAAAAAAAAAAAAAAAAAAAAAAAAAAAAAAAAAAAAAAAAAAAAAAAAAAAAAAAAAAAAAAAAAAAAAAAAAAAAAAAAAAAAAAAAAAAAAAAAAAAAAAAAAAAAAAAAAAAAAAAAAAAAAAAAAAAAAAAAAAAAAAAAAAAAAAAAAAAAAAAAAAAAAAAAAAAAAAAAAAAAAAAAAAAAAAAAAAAAAAAAAAAAAAAAAAAAAAAAAAAAAAAAAAAAAAAAAAAAAAAAAAAAAAAAAAAAAAAAAAAAAAAAAAAAAAAAAAAAAAAAAAAAAAAAAAAAAAAAAAAAAAAAAAAAAAAAAAAAAAAAAAAAAAAAAAAAAAAAAAAAAAAAAAAAAAAAAAAAAAAAAAAAAAAAAAAAAAAAAAAAAAAAAAAAAAAAqAoAAAAAAAC8CgAAAAAAAAo8c3JjLmluc3RhbGwubG9ja2ZpbGUuVHJlZT4gMjAgc2l6ZW9mLCA0IGFsaWdub2YKAAAAAAAAAAD+/////////wAAAAAJAAAA6AoAAAAAAAAMCwAAAAAAAAo8dTMyPiA0IHNpemVvZiwgNCBhbGlnbm9mCgAAAAAAAQAAAAIAAAADAAAABAAAAAUAAAAGAAAACAAAAAcAAAA4CwAAAAAAAFwLAAAAAAAACjx1MzI+IDQgc2l6ZW9mLCA0IGFsaWdub2YKAAEAAAAEAAAAAwAAAAIAAAAJAAAABwAAAAUAAAAGAAAACAAAAJALAAAAAAAAegwAAAAAAAAKPFsyNl11OD4gMjYgc2l6ZW9mLCAxIGFsaWdub2YKAAAAAABheGlvcwAAADiw/ZDHyZn3AgJsYXRlc3QAADIAAAAJAACAj5lHaPIbqi8CAV40LjAuMAAAOwAAAA4AAICOug3nmqOgEQIBXjEuMS4wAABJAAAAEAAAgBsiA59RoDTlAgFeMS4xNS42AGFzeW5ja2l0zq1lMqMtvooCAV4wLjQuMAAAIAEAAA8AAIBPdyqfNdGv/gIBXjEuMC44AAAvAQAACgAAgC8Bk5dey2H0AgFeMi4xLjEyAG1pbWUtZGIAw8Wk8f3GpW4CATEuNTIuMAAA8wEAAA4AAIAUeH4bJKDgnAIBfjEuMC4wAADEDAAAAAAAAMQMAAAAAAAACjxzcmMuaW5zdGFsbC5zZW12ZXIuRXh0ZXJuYWxTdHJpbmc+IDE2IHNpemVvZiwgOCBhbGlnbm9mCvAMAAAAAAAAbQ8AAAAAAAAKPHU4PiAxIHNpemVvZiwgMSBhbGlnbm9mCgAAaHR0cHM6Ly9yZWdpc3RyeS5ucG1qcy5vcmcvYXhpb3MvLS9heGlvcy0xLjcuOS50Z3pmb3JtLWRhdGFwcm94eS1mcm9tLWVudmZvbGxvdy1yZWRpcmVjdHNodHRwczovL3JlZ2lzdHJ5Lm5wbWpzLm9yZy9mb2xsb3ctcmVkaXJlY3RzLy0vZm9sbG93LXJlZGlyZWN0cy0xLjE1LjkudGd6aHR0cHM6Ly9yZWdpc3RyeS5ucG1qcy5vcmcvcHJveHktZnJvbS1lbnYvLS9wcm94eS1mcm9tLWVudi0xLjEuMC50Z3podHRwczovL3JlZ2lzdHJ5Lm5wbWpzLm9yZy9mb3JtLWRhdGEvLS9mb3JtLWRhdGEtNC4wLjEudGd6Y29tYmluZWQtc3RyZWFtbWltZS10eXBlc2h0dHBzOi8vcmVnaXN0cnkubnBtanMub3JnL21pbWUtdHlwZXMvLS9taW1lLXR5cGVzLTIuMS4zNS50Z3podHRwczovL3JlZ2lzdHJ5Lm5wbWpzLm9yZy9taW1lLWRiLy0vbWltZS1kYi0xLjUyLjAudGd6aHR0cHM6Ly9yZWdpc3RyeS5ucG1qcy5vcmcvY29tYmluZWQtc3RyZWFtLy0vY29tYmluZWQtc3RyZWFtLTEuMC44LnRnemRlbGF5ZWQtc3RyZWFtaHR0cHM6Ly9yZWdpc3RyeS5ucG1qcy5vcmcvZGVsYXllZC1zdHJlYW0vLS9kZWxheWVkLXN0cmVhbS0xLjAuMC50Z3podHRwczovL3JlZ2lzdHJ5Lm5wbWpzLm9yZy9hc3luY2tpdC8tL2FzeW5ja2l0LTAuNC4wLnRnegAAAAAAAAAAAAAAAAAAAAAAAAAAAAAAAAAAAAAAAAAAAAAAAAAAAAAAAAAAAAAAAAAAAAAAAAAAAAAAAAAAAAAAAAAAAAAAAAAAAAAAAAAAAAAAAAAAAAAAAAAAAAAAAAAAAAAAAAAAAAAAAAAAAAAAAAAAAAAAAAAAAAAAAAAAAAAAAAAAAAAAAAAAAAAAAAAAAAAAAAAA