{
  "dependencies": {
    "openapi-fetch": "latest"
  }
}
//bun.lockb
IyEvdXNyL2Jpbi9lbnYgYnVuCmJ1bi1sb2NrZmlsZS1mb3JtYXQtdjAKAgAAAOwIVwcewHYEUAhz0bIlmWWRbgLZvWZkzpktO1crwYxQ5wUAAAAAAAADAAAAAAAAAAgAAAAAAAAACAAAAAAAAACAAAAAAAAAAHcDAAAAAAAAAAAAAAAAAAAAAAAAAAANAACAUAAAABoAAIAAAAAAAAAAAEFobA3PI9Dk34zIV8D+uqcBAAAAAAAAAAAAAAAAAAAAAAAAAAAAAAAAAAAAAAAAAAAAAAAAAAAAAAAAAAAAAAAAAAAAAAAAAAAAAAAAAAAAAgAAAAAAAAANAAAAQwAAgAAAAAANAAAABAAAAAAAAAAAAAAAAAAAAAAAAAAAAAAAAAAAAAAAAAAAAAAAAAAAAAIAAAAAAAAAagAAAF0AAIAAAAAAAAAAAA8AAAAAAAAAAAAAAAAAAAAAAAAAAAAAAAAAAAAAAAAAAAAAAAAAAAAAAAAAAQAAAAEAAAABAAAAAgAAAAAAAAAAAAAAAQAAAAEAAAABAAAAAgAAAAAAAAAAAP4P/gEAAAAAAAAAAAAAAAAAAAAAAAAAAAAAAAAAAAAAAAAAAAAAAAAAAAAAAAAAAAAAAAAAAAAAAAAAAAAAAAAAAAAAAAAAAAAAAAAAAAAAAAAAAQAAAQD+D/4BAAABAAAAAAAAAAAAAAAEJHX7UYjLEiHuQGCPxa3CCCIqe/nc4bTIF9c4UYVC8BegAbWoS3g4gJxKX5XcG7UtYQs2060kY6DH64KkvNZahgEAAAEA/g/+AQAAAgAAAAAAAAAAAAAABKKckz2rp7JJQgaUyvCRnn+pnz4S0p8suWtCDfbyrcd/uGhMX/isRKmMCMt4apHnVyAfe7t+e7izCbDp5txlY7MBAAAAAAAAAAAAAAAAAAAAAAAAAAAAAAAAAAAAAAAAAAAAAAAAAAAAAAAAAAAAAAAAAAAAAAAAAAAAAAAAAAAAAAAAAAAAAAAAAAAAAAAAAAAAAAAAAAAAAAAAAAAAAAAAAAAAAAAAAAAAAAAAAAABAAAAAAAAAAAAAAAAAAAAAAAAAAAAAAAAAAAAAAAAAAAAAAAAAAAAAAAAAAAAAAAAAAAAAAAAAAAAAAAAAAAAAAAAAAAAAAAAAAAAAAAAAAAAAAAAAAAAAAAAAAAAAAAAAADAAwAAAAAAANQDAAAAAAAACjxzcmMuaW5zdGFsbC5sb2NrZmlsZS5UcmVlPiAyMCBzaXplb2YsIDQgYWxpZ25vZgoAAAAAAAAAAAAAAP7/////////AAAAAAIAAAAABAAAAAAAAAgEAAAAAAAACjx1MzI+IDQgc2l6ZW9mLCA0IGFsaWdub2YKAAAAAAABAAAAOAQAAAAAAABABAAAAAAAAAo8dTMyPiA0IHNpemVvZiwgNCBhbGlnbm9mCgAAAAAAAQAAAAIAAABwBAAAAAAAAKQEAAAAAAAACjxbMjZddTg+IDI2IHNpemVvZiwgMSBhbGlnbm9mCgAAAAAADQAAgEFobA3PI9DkAgJsYXRlc3QAAFAAAAAaAACA34zIV8D+uqcCAV4wLjAuMTUA7gQAAAAAAADuBAAAAAAAAAo8c3JjLmluc3RhbGwuc2VtdmVyLkV4dGVybmFsU3RyaW5nPiAxNiBzaXplb2YsIDggYWxpZ25vZgoYBQAAAAAAAN8FAAAAAAAACjx1OD4gMSBzaXplb2YsIDEgYWxpZ25vZgpvcGVuYXBpLWZldGNoaHR0cHM6Ly9yZWdpc3RyeS5ucG1qcy5vcmcvb3BlbmFwaS1mZXRjaC8tL29wZW5hcGktZmV0Y2gtMC4xMy40LnRnem9wZW5hcGktdHlwZXNjcmlwdC1oZWxwZXJzaHR0cHM6Ly9yZWdpc3RyeS5ucG1qcy5vcmcvb3BlbmFwaS10eXBlc2NyaXB0LWhlbHBlcnMvLS9vcGVuYXBpLXR5cGVzY3JpcHQtaGVscGVycy0wLjAuMTUudGd6AAAAAAAAAAAAAAAAAAAAAAAAAAAAAAAAAAAAAAAAAAAAAAAAAAAAAAAAAAAAAAAAAAAAAAAAAAAAAAAAAAAAAAAAAAAAAAAAAAAAAAAAAAAAAAAAAAAAAAAAAAAAAAAAAAAAAAAAAAAAAAAAAAAAAAAAAAAAAAAAAAAAAAAAAAAAAAAAAAAAAAAAAAAAAAAAAAAAAAAAAAA=